// !$*UTF8*$!
{
	archiveVersion = 1;
	classes = {
	};
	objectVersion = 50;
	objects = {

/* Begin PBXBuildFile section */
		2AA5499A928774310D6AA0B6 /* Pods_cruising_app.framework in Frameworks */ = {isa = PBXBuildFile; fileRef = 4F1A5BEDCECF06A9C48F7939 /* Pods_cruising_app.framework */; };
		4E8A9E3F223DBE6C0005E099 /* eventsModel.swift in Sources */ = {isa = PBXBuildFile; fileRef = 4E8A9E3D223DBE6C0005E099 /* eventsModel.swift */; };
		4E8A9E40223DBE6C0005E099 /* userEventsModel.swift in Sources */ = {isa = PBXBuildFile; fileRef = 4E8A9E3E223DBE6C0005E099 /* userEventsModel.swift */; };
		4E8A9E4D223DBE830005E099 /* AppDelegate.swift in Sources */ = {isa = PBXBuildFile; fileRef = 4E8A9E42223DBE830005E099 /* AppDelegate.swift */; };
		4E8A9E4E223DBE830005E099 /* userDataModelController.swift in Sources */ = {isa = PBXBuildFile; fileRef = 4E8A9E44223DBE830005E099 /* userDataModelController.swift */; };
		4E8A9E4F223DBE830005E099 /* coverViewController.swift in Sources */ = {isa = PBXBuildFile; fileRef = 4E8A9E47223DBE830005E099 /* coverViewController.swift */; };
		4E8A9E50223DBE830005E099 /* LaunchScreen.storyboard in Resources */ = {isa = PBXBuildFile; fileRef = 4E8A9E49223DBE830005E099 /* LaunchScreen.storyboard */; };
		4E8A9E51223DBE830005E099 /* Main.storyboard in Resources */ = {isa = PBXBuildFile; fileRef = 4E8A9E4B223DBE830005E099 /* Main.storyboard */; };
		4E8A9E53223DBEE40005E099 /* GoogleService-Info.plist in Resources */ = {isa = PBXBuildFile; fileRef = 4E8A9E52223DBEE40005E099 /* GoogleService-Info.plist */; };
		4E8A9E55223DE3C10005E099 /* profileViewController.swift in Sources */ = {isa = PBXBuildFile; fileRef = 4E8A9E54223DE3C10005E099 /* profileViewController.swift */; };
		4E8A9E57223DF1390005E099 /* extensionFile.swift in Sources */ = {isa = PBXBuildFile; fileRef = 4E8A9E56223DF1390005E099 /* extensionFile.swift */; };
		4E8A9E59223E1EF50005E099 /* enumFile.swift in Sources */ = {isa = PBXBuildFile; fileRef = 4E8A9E58223E1EF50005E099 /* enumFile.swift */; };
		ED61F05E223E4F570040C269 /* signUpViewController.swift in Sources */ = {isa = PBXBuildFile; fileRef = ED61F05D223E4F570040C269 /* signUpViewController.swift */; };
		ED61F060223E5F3A0040C269 /* loginViewController.swift in Sources */ = {isa = PBXBuildFile; fileRef = ED61F05F223E5F3A0040C269 /* loginViewController.swift */; };
		EDF2495C223D7F8500FAD972 /* Assets.xcassets in Resources */ = {isa = PBXBuildFile; fileRef = EDF2495B223D7F8500FAD972 /* Assets.xcassets */; };
		EDF2496A223D7F8500FAD972 /* cruising_appTests.swift in Sources */ = {isa = PBXBuildFile; fileRef = EDF24969223D7F8500FAD972 /* cruising_appTests.swift */; };
		F884E508B290242373B77F14 /* Pods_cruising_appTests.framework in Frameworks */ = {isa = PBXBuildFile; fileRef = C569142BCC8F516C577967F0 /* Pods_cruising_appTests.framework */; };
/* End PBXBuildFile section */

/* Begin PBXContainerItemProxy section */
		EDF24966223D7F8500FAD972 /* PBXContainerItemProxy */ = {
			isa = PBXContainerItemProxy;
			containerPortal = EDF24949223D7F8300FAD972 /* Project object */;
			proxyType = 1;
			remoteGlobalIDString = EDF24950223D7F8300FAD972;
			remoteInfo = "cruising-app";
		};
/* End PBXContainerItemProxy section */

/* Begin PBXFileReference section */
		4E8A9E3D223DBE6C0005E099 /* eventsModel.swift */ = {isa = PBXFileReference; fileEncoding = 4; lastKnownFileType = sourcecode.swift; path = eventsModel.swift; sourceTree = "<group>"; };
		4E8A9E3E223DBE6C0005E099 /* userEventsModel.swift */ = {isa = PBXFileReference; fileEncoding = 4; lastKnownFileType = sourcecode.swift; path = userEventsModel.swift; sourceTree = "<group>"; };
		4E8A9E42223DBE830005E099 /* AppDelegate.swift */ = {isa = PBXFileReference; fileEncoding = 4; lastKnownFileType = sourcecode.swift; path = AppDelegate.swift; sourceTree = "<group>"; };
		4E8A9E44223DBE830005E099 /* userDataModelController.swift */ = {isa = PBXFileReference; fileEncoding = 4; lastKnownFileType = sourcecode.swift; path = userDataModelController.swift; sourceTree = "<group>"; };
		4E8A9E47223DBE830005E099 /* coverViewController.swift */ = {isa = PBXFileReference; fileEncoding = 4; lastKnownFileType = sourcecode.swift; path = coverViewController.swift; sourceTree = "<group>"; };
		4E8A9E4A223DBE830005E099 /* Base */ = {isa = PBXFileReference; lastKnownFileType = file.storyboard; name = Base; path = Base.lproj/LaunchScreen.storyboard; sourceTree = "<group>"; };
		4E8A9E4C223DBE830005E099 /* Base */ = {isa = PBXFileReference; lastKnownFileType = file.storyboard; name = Base; path = Base.lproj/Main.storyboard; sourceTree = "<group>"; };
		4E8A9E52223DBEE40005E099 /* GoogleService-Info.plist */ = {isa = PBXFileReference; fileEncoding = 4; lastKnownFileType = text.plist.xml; path = "GoogleService-Info.plist"; sourceTree = "<group>"; };
		4E8A9E54223DE3C10005E099 /* profileViewController.swift */ = {isa = PBXFileReference; lastKnownFileType = sourcecode.swift; path = profileViewController.swift; sourceTree = "<group>"; };
		4E8A9E56223DF1390005E099 /* extensionFile.swift */ = {isa = PBXFileReference; lastKnownFileType = sourcecode.swift; path = extensionFile.swift; sourceTree = "<group>"; };
		4E8A9E58223E1EF50005E099 /* enumFile.swift */ = {isa = PBXFileReference; lastKnownFileType = sourcecode.swift; path = enumFile.swift; sourceTree = "<group>"; };
		4F1A5BEDCECF06A9C48F7939 /* Pods_cruising_app.framework */ = {isa = PBXFileReference; explicitFileType = wrapper.framework; includeInIndex = 0; path = Pods_cruising_app.framework; sourceTree = BUILT_PRODUCTS_DIR; };
		58D41425218194C8900A3CC0 /* Pods-cruising-app.debug.xcconfig */ = {isa = PBXFileReference; includeInIndex = 1; lastKnownFileType = text.xcconfig; name = "Pods-cruising-app.debug.xcconfig"; path = "Pods/Target Support Files/Pods-cruising-app/Pods-cruising-app.debug.xcconfig"; sourceTree = "<group>"; };
		7CE66289AF0C7CF6D8F93254 /* Pods-cruising-app.release.xcconfig */ = {isa = PBXFileReference; includeInIndex = 1; lastKnownFileType = text.xcconfig; name = "Pods-cruising-app.release.xcconfig"; path = "Pods/Target Support Files/Pods-cruising-app/Pods-cruising-app.release.xcconfig"; sourceTree = "<group>"; };
		B5A193BB1367ACCF29A0C6A2 /* Pods-cruising-appTests.release.xcconfig */ = {isa = PBXFileReference; includeInIndex = 1; lastKnownFileType = text.xcconfig; name = "Pods-cruising-appTests.release.xcconfig"; path = "Pods/Target Support Files/Pods-cruising-appTests/Pods-cruising-appTests.release.xcconfig"; sourceTree = "<group>"; };
		B824F5B7E9C6E3492444EC48 /* Pods-cruising-appTests.debug.xcconfig */ = {isa = PBXFileReference; includeInIndex = 1; lastKnownFileType = text.xcconfig; name = "Pods-cruising-appTests.debug.xcconfig"; path = "Pods/Target Support Files/Pods-cruising-appTests/Pods-cruising-appTests.debug.xcconfig"; sourceTree = "<group>"; };
		C569142BCC8F516C577967F0 /* Pods_cruising_appTests.framework */ = {isa = PBXFileReference; explicitFileType = wrapper.framework; includeInIndex = 0; path = Pods_cruising_appTests.framework; sourceTree = BUILT_PRODUCTS_DIR; };
		ED61F05D223E4F570040C269 /* signUpViewController.swift */ = {isa = PBXFileReference; lastKnownFileType = sourcecode.swift; path = signUpViewController.swift; sourceTree = "<group>"; };
		ED61F05F223E5F3A0040C269 /* loginViewController.swift */ = {isa = PBXFileReference; lastKnownFileType = sourcecode.swift; path = loginViewController.swift; sourceTree = "<group>"; };
		EDF24951223D7F8300FAD972 /* cruising-app.app */ = {isa = PBXFileReference; explicitFileType = wrapper.application; includeInIndex = 0; path = "cruising-app.app"; sourceTree = BUILT_PRODUCTS_DIR; };
		EDF2495B223D7F8500FAD972 /* Assets.xcassets */ = {isa = PBXFileReference; lastKnownFileType = folder.assetcatalog; path = Assets.xcassets; sourceTree = "<group>"; };
		EDF24960223D7F8500FAD972 /* Info.plist */ = {isa = PBXFileReference; lastKnownFileType = text.plist.xml; path = Info.plist; sourceTree = "<group>"; };
		EDF24965223D7F8500FAD972 /* cruising-appTests.xctest */ = {isa = PBXFileReference; explicitFileType = wrapper.cfbundle; includeInIndex = 0; path = "cruising-appTests.xctest"; sourceTree = BUILT_PRODUCTS_DIR; };
		EDF24969223D7F8500FAD972 /* cruising_appTests.swift */ = {isa = PBXFileReference; lastKnownFileType = sourcecode.swift; path = cruising_appTests.swift; sourceTree = "<group>"; };
		EDF2496B223D7F8500FAD972 /* Info.plist */ = {isa = PBXFileReference; lastKnownFileType = text.plist.xml; path = Info.plist; sourceTree = "<group>"; };
/* End PBXFileReference section */

/* Begin PBXFrameworksBuildPhase section */
		EDF2494E223D7F8300FAD972 /* Frameworks */ = {
			isa = PBXFrameworksBuildPhase;
			buildActionMask = 2147483647;
			files = (
				2AA5499A928774310D6AA0B6 /* Pods_cruising_app.framework in Frameworks */,
			);
			runOnlyForDeploymentPostprocessing = 0;
		};
		EDF24962223D7F8500FAD972 /* Frameworks */ = {
			isa = PBXFrameworksBuildPhase;
			buildActionMask = 2147483647;
			files = (
				F884E508B290242373B77F14 /* Pods_cruising_appTests.framework in Frameworks */,
			);
			runOnlyForDeploymentPostprocessing = 0;
		};
/* End PBXFrameworksBuildPhase section */

/* Begin PBXGroup section */
		4E8A9E3C223DBE6C0005E099 /* Model */ = {
			isa = PBXGroup;
			children = (
				4E8A9E3D223DBE6C0005E099 /* eventsModel.swift */,
				4E8A9E3E223DBE6C0005E099 /* userEventsModel.swift */,
			);
			path = Model;
			sourceTree = "<group>";
		};
		4E8A9E41223DBE830005E099 /* Others */ = {
			isa = PBXGroup;
			children = (
				4E8A9E42223DBE830005E099 /* AppDelegate.swift */,
				4E8A9E56223DF1390005E099 /* extensionFile.swift */,
				4E8A9E58223E1EF50005E099 /* enumFile.swift */,
			);
			path = Others;
			sourceTree = "<group>";
		};
		4E8A9E43223DBE830005E099 /* Model Controller */ = {
			isa = PBXGroup;
			children = (
				4E8A9E44223DBE830005E099 /* userDataModelController.swift */,
			);
			path = "Model Controller";
			sourceTree = "<group>";
		};
		4E8A9E45223DBE830005E099 /* View */ = {
			isa = PBXGroup;
			children = (
			);
			path = View;
			sourceTree = "<group>";
		};
		4E8A9E46223DBE830005E099 /* View Controller */ = {
			isa = PBXGroup;
			children = (
				4E8A9E47223DBE830005E099 /* coverViewController.swift */,
				4E8A9E54223DE3C10005E099 /* profileViewController.swift */,
				ED61F05D223E4F570040C269 /* signUpViewController.swift */,
				ED61F05F223E5F3A0040C269 /* loginViewController.swift */,
			);
			path = "View Controller";
			sourceTree = "<group>";
		};
		4E8A9E48223DBE830005E099 /* Storyboard */ = {
			isa = PBXGroup;
			children = (
				4E8A9E49223DBE830005E099 /* LaunchScreen.storyboard */,
				4E8A9E4B223DBE830005E099 /* Main.storyboard */,
			);
			path = Storyboard;
			sourceTree = "<group>";
		};
		69431E7851617A8D662CC712 /* Frameworks */ = {
			isa = PBXGroup;
			children = (
				4F1A5BEDCECF06A9C48F7939 /* Pods_cruising_app.framework */,
				C569142BCC8F516C577967F0 /* Pods_cruising_appTests.framework */,
			);
			name = Frameworks;
			sourceTree = "<group>";
		};
		B9B8C752D1867AC811348EB4 /* Pods */ = {
			isa = PBXGroup;
			children = (
				58D41425218194C8900A3CC0 /* Pods-cruising-app.debug.xcconfig */,
				7CE66289AF0C7CF6D8F93254 /* Pods-cruising-app.release.xcconfig */,
				B824F5B7E9C6E3492444EC48 /* Pods-cruising-appTests.debug.xcconfig */,
				B5A193BB1367ACCF29A0C6A2 /* Pods-cruising-appTests.release.xcconfig */,
			);
			name = Pods;
			sourceTree = "<group>";
		};
		EDF24948223D7F8300FAD972 = {
			isa = PBXGroup;
			children = (
				EDF24953223D7F8300FAD972 /* cruising-app */,
				EDF24968223D7F8500FAD972 /* cruising-appTests */,
				EDF24952223D7F8300FAD972 /* Products */,
				B9B8C752D1867AC811348EB4 /* Pods */,
				69431E7851617A8D662CC712 /* Frameworks */,
			);
			sourceTree = "<group>";
		};
		EDF24952223D7F8300FAD972 /* Products */ = {
			isa = PBXGroup;
			children = (
				EDF24951223D7F8300FAD972 /* cruising-app.app */,
				EDF24965223D7F8500FAD972 /* cruising-appTests.xctest */,
			);
			name = Products;
			sourceTree = "<group>";
		};
		EDF24953223D7F8300FAD972 /* cruising-app */ = {
			isa = PBXGroup;
			children = (
				4E8A9E52223DBEE40005E099 /* GoogleService-Info.plist */,
				4E8A9E43223DBE830005E099 /* Model Controller */,
				4E8A9E41223DBE830005E099 /* Others */,
				4E8A9E48223DBE830005E099 /* Storyboard */,
				4E8A9E45223DBE830005E099 /* View */,
				4E8A9E46223DBE830005E099 /* View Controller */,
				4E8A9E3C223DBE6C0005E099 /* Model */,
				EDF2495B223D7F8500FAD972 /* Assets.xcassets */,
				EDF24960223D7F8500FAD972 /* Info.plist */,
			);
			path = "cruising-app";
			sourceTree = "<group>";
		};
		EDF24968223D7F8500FAD972 /* cruising-appTests */ = {
			isa = PBXGroup;
			children = (
				EDF24969223D7F8500FAD972 /* cruising_appTests.swift */,
				EDF2496B223D7F8500FAD972 /* Info.plist */,
			);
			path = "cruising-appTests";
			sourceTree = "<group>";
		};
/* End PBXGroup section */

/* Begin PBXNativeTarget section */
		EDF24950223D7F8300FAD972 /* cruising-app */ = {
			isa = PBXNativeTarget;
			buildConfigurationList = EDF2496E223D7F8500FAD972 /* Build configuration list for PBXNativeTarget "cruising-app" */;
			buildPhases = (
				B321EFDBE06EF40E39EFB80A /* [CP] Check Pods Manifest.lock */,
				EDF2494D223D7F8300FAD972 /* Sources */,
				EDF2494E223D7F8300FAD972 /* Frameworks */,
				EDF2494F223D7F8300FAD972 /* Resources */,
				B6880614D0DD87478DD983EC /* [CP] Embed Pods Frameworks */,
				36D3D2FF308F50213FC14F54 /* [CP] Copy Pods Resources */,
			);
			buildRules = (
			);
			dependencies = (
			);
			name = "cruising-app";
			productName = "cruising-app";
			productReference = EDF24951223D7F8300FAD972 /* cruising-app.app */;
			productType = "com.apple.product-type.application";
		};
		EDF24964223D7F8500FAD972 /* cruising-appTests */ = {
			isa = PBXNativeTarget;
			buildConfigurationList = EDF24971223D7F8500FAD972 /* Build configuration list for PBXNativeTarget "cruising-appTests" */;
			buildPhases = (
				C497F0D86BBBE620038601E3 /* [CP] Check Pods Manifest.lock */,
				EDF24961223D7F8500FAD972 /* Sources */,
				EDF24962223D7F8500FAD972 /* Frameworks */,
				EDF24963223D7F8500FAD972 /* Resources */,
			);
			buildRules = (
			);
			dependencies = (
				EDF24967223D7F8500FAD972 /* PBXTargetDependency */,
			);
			name = "cruising-appTests";
			productName = "cruising-appTests";
			productReference = EDF24965223D7F8500FAD972 /* cruising-appTests.xctest */;
			productType = "com.apple.product-type.bundle.unit-test";
		};
/* End PBXNativeTarget section */

/* Begin PBXProject section */
		EDF24949223D7F8300FAD972 /* Project object */ = {
			isa = PBXProject;
			attributes = {
				LastSwiftUpdateCheck = 0940;
				LastUpgradeCheck = 0940;
				ORGANIZATIONNAME = "Christian Lim";
				TargetAttributes = {
					EDF24950223D7F8300FAD972 = {
						CreatedOnToolsVersion = 9.4.1;
					};
					EDF24964223D7F8500FAD972 = {
						CreatedOnToolsVersion = 9.4.1;
						TestTargetID = EDF24950223D7F8300FAD972;
					};
				};
			};
			buildConfigurationList = EDF2494C223D7F8300FAD972 /* Build configuration list for PBXProject "cruising-app" */;
			compatibilityVersion = "Xcode 9.3";
			developmentRegion = en;
			hasScannedForEncodings = 0;
			knownRegions = (
				en,
				Base,
			);
			mainGroup = EDF24948223D7F8300FAD972;
			productRefGroup = EDF24952223D7F8300FAD972 /* Products */;
			projectDirPath = "";
			projectRoot = "";
			targets = (
				EDF24950223D7F8300FAD972 /* cruising-app */,
				EDF24964223D7F8500FAD972 /* cruising-appTests */,
			);
		};
/* End PBXProject section */

/* Begin PBXResourcesBuildPhase section */
		EDF2494F223D7F8300FAD972 /* Resources */ = {
			isa = PBXResourcesBuildPhase;
			buildActionMask = 2147483647;
			files = (
				4E8A9E51223DBE830005E099 /* Main.storyboard in Resources */,
				4E8A9E53223DBEE40005E099 /* GoogleService-Info.plist in Resources */,
				4E8A9E50223DBE830005E099 /* LaunchScreen.storyboard in Resources */,
				EDF2495C223D7F8500FAD972 /* Assets.xcassets in Resources */,
			);
			runOnlyForDeploymentPostprocessing = 0;
		};
		EDF24963223D7F8500FAD972 /* Resources */ = {
			isa = PBXResourcesBuildPhase;
			buildActionMask = 2147483647;
			files = (
			);
			runOnlyForDeploymentPostprocessing = 0;
		};
/* End PBXResourcesBuildPhase section */

/* Begin PBXShellScriptBuildPhase section */
		36D3D2FF308F50213FC14F54 /* [CP] Copy Pods Resources */ = {
			isa = PBXShellScriptBuildPhase;
			buildActionMask = 2147483647;
			files = (
			);
			inputPaths = (
				"${SRCROOT}/Pods/Target Support Files/Pods-cruising-app/Pods-cruising-app-resources.sh",
				"${PODS_ROOT}/GoogleSignIn/Resources/GoogleSignIn.bundle",
			);
			name = "[CP] Copy Pods Resources";
			outputPaths = (
				"${TARGET_BUILD_DIR}/${UNLOCALIZED_RESOURCES_FOLDER_PATH}/GoogleSignIn.bundle",
			);
			runOnlyForDeploymentPostprocessing = 0;
			shellPath = /bin/sh;
			shellScript = "\"${SRCROOT}/Pods/Target Support Files/Pods-cruising-app/Pods-cruising-app-resources.sh\"\n";
			showEnvVarsInLog = 0;
		};
		B321EFDBE06EF40E39EFB80A /* [CP] Check Pods Manifest.lock */ = {
			isa = PBXShellScriptBuildPhase;
			buildActionMask = 2147483647;
			files = (
			);
			inputPaths = (
				"${PODS_PODFILE_DIR_PATH}/Podfile.lock",
				"${PODS_ROOT}/Manifest.lock",
			);
			name = "[CP] Check Pods Manifest.lock";
			outputPaths = (
				"$(DERIVED_FILE_DIR)/Pods-cruising-app-checkManifestLockResult.txt",
			);
			runOnlyForDeploymentPostprocessing = 0;
			shellPath = /bin/sh;
			shellScript = "diff \"${PODS_PODFILE_DIR_PATH}/Podfile.lock\" \"${PODS_ROOT}/Manifest.lock\" > /dev/null\nif [ $? != 0 ] ; then\n    # print error to STDERR\n    echo \"error: The sandbox is not in sync with the Podfile.lock. Run 'pod install' or update your CocoaPods installation.\" >&2\n    exit 1\nfi\n# This output is used by Xcode 'outputs' to avoid re-running this script phase.\necho \"SUCCESS\" > \"${SCRIPT_OUTPUT_FILE_0}\"\n";
			showEnvVarsInLog = 0;
		};
		B6880614D0DD87478DD983EC /* [CP] Embed Pods Frameworks */ = {
			isa = PBXShellScriptBuildPhase;
			buildActionMask = 2147483647;
			files = (
			);
			inputPaths = (
				"${SRCROOT}/Pods/Target Support Files/Pods-cruising-app/Pods-cruising-app-frameworks.sh",
				"${BUILT_PRODUCTS_DIR}/BoringSSL/openssl.framework",
				"${BUILT_PRODUCTS_DIR}/GTMOAuth2/GTMOAuth2.framework",
				"${BUILT_PRODUCTS_DIR}/GTMSessionFetcher/GTMSessionFetcher.framework",
				"${BUILT_PRODUCTS_DIR}/GoogleToolboxForMac/GoogleToolboxForMac.framework",
				"${BUILT_PRODUCTS_DIR}/GoogleUtilities/GoogleUtilities.framework",
				"${BUILT_PRODUCTS_DIR}/Protobuf/Protobuf.framework",
				"${BUILT_PRODUCTS_DIR}/gRPC/GRPCClient.framework",
				"${BUILT_PRODUCTS_DIR}/gRPC-C++/grpcpp.framework",
				"${BUILT_PRODUCTS_DIR}/gRPC-Core/grpc.framework",
				"${BUILT_PRODUCTS_DIR}/gRPC-ProtoRPC/ProtoRPC.framework",
				"${BUILT_PRODUCTS_DIR}/gRPC-RxLibrary/RxLibrary.framework",
				"${BUILT_PRODUCTS_DIR}/leveldb-library/leveldb.framework",
				"${BUILT_PRODUCTS_DIR}/nanopb/nanopb.framework",
			);
			name = "[CP] Embed Pods Frameworks";
			outputPaths = (
				"${TARGET_BUILD_DIR}/${FRAMEWORKS_FOLDER_PATH}/openssl.framework",
				"${TARGET_BUILD_DIR}/${FRAMEWORKS_FOLDER_PATH}/GTMOAuth2.framework",
				"${TARGET_BUILD_DIR}/${FRAMEWORKS_FOLDER_PATH}/GTMSessionFetcher.framework",
				"${TARGET_BUILD_DIR}/${FRAMEWORKS_FOLDER_PATH}/GoogleToolboxForMac.framework",
				"${TARGET_BUILD_DIR}/${FRAMEWORKS_FOLDER_PATH}/GoogleUtilities.framework",
				"${TARGET_BUILD_DIR}/${FRAMEWORKS_FOLDER_PATH}/Protobuf.framework",
				"${TARGET_BUILD_DIR}/${FRAMEWORKS_FOLDER_PATH}/GRPCClient.framework",
				"${TARGET_BUILD_DIR}/${FRAMEWORKS_FOLDER_PATH}/grpcpp.framework",
				"${TARGET_BUILD_DIR}/${FRAMEWORKS_FOLDER_PATH}/grpc.framework",
				"${TARGET_BUILD_DIR}/${FRAMEWORKS_FOLDER_PATH}/ProtoRPC.framework",
				"${TARGET_BUILD_DIR}/${FRAMEWORKS_FOLDER_PATH}/RxLibrary.framework",
				"${TARGET_BUILD_DIR}/${FRAMEWORKS_FOLDER_PATH}/leveldb.framework",
				"${TARGET_BUILD_DIR}/${FRAMEWORKS_FOLDER_PATH}/nanopb.framework",
			);
			runOnlyForDeploymentPostprocessing = 0;
			shellPath = /bin/sh;
			shellScript = "\"${SRCROOT}/Pods/Target Support Files/Pods-cruising-app/Pods-cruising-app-frameworks.sh\"\n";
			showEnvVarsInLog = 0;
		};
		C497F0D86BBBE620038601E3 /* [CP] Check Pods Manifest.lock */ = {
			isa = PBXShellScriptBuildPhase;
			buildActionMask = 2147483647;
			files = (
			);
			inputPaths = (
				"${PODS_PODFILE_DIR_PATH}/Podfile.lock",
				"${PODS_ROOT}/Manifest.lock",
			);
			name = "[CP] Check Pods Manifest.lock";
			outputPaths = (
				"$(DERIVED_FILE_DIR)/Pods-cruising-appTests-checkManifestLockResult.txt",
			);
			runOnlyForDeploymentPostprocessing = 0;
			shellPath = /bin/sh;
			shellScript = "diff \"${PODS_PODFILE_DIR_PATH}/Podfile.lock\" \"${PODS_ROOT}/Manifest.lock\" > /dev/null\nif [ $? != 0 ] ; then\n    # print error to STDERR\n    echo \"error: The sandbox is not in sync with the Podfile.lock. Run 'pod install' or update your CocoaPods installation.\" >&2\n    exit 1\nfi\n# This output is used by Xcode 'outputs' to avoid re-running this script phase.\necho \"SUCCESS\" > \"${SCRIPT_OUTPUT_FILE_0}\"\n";
			showEnvVarsInLog = 0;
		};
/* End PBXShellScriptBuildPhase section */

/* Begin PBXSourcesBuildPhase section */
		EDF2494D223D7F8300FAD972 /* Sources */ = {
			isa = PBXSourcesBuildPhase;
			buildActionMask = 2147483647;
			files = (
				4E8A9E3F223DBE6C0005E099 /* eventsModel.swift in Sources */,
				4E8A9E40223DBE6C0005E099 /* userEventsModel.swift in Sources */,
				4E8A9E55223DE3C10005E099 /* profileViewController.swift in Sources */,
				4E8A9E57223DF1390005E099 /* extensionFile.swift in Sources */,
				ED61F060223E5F3A0040C269 /* loginViewController.swift in Sources */,
				4E8A9E4E223DBE830005E099 /* userDataModelController.swift in Sources */,
				4E8A9E4F223DBE830005E099 /* coverViewController.swift in Sources */,
				4E8A9E59223E1EF50005E099 /* enumFile.swift in Sources */,
				4E8A9E4D223DBE830005E099 /* AppDelegate.swift in Sources */,
				ED61F05E223E4F570040C269 /* signUpViewController.swift in Sources */,
			);
			runOnlyForDeploymentPostprocessing = 0;
		};
		EDF24961223D7F8500FAD972 /* Sources */ = {
			isa = PBXSourcesBuildPhase;
			buildActionMask = 2147483647;
			files = (
				EDF2496A223D7F8500FAD972 /* cruising_appTests.swift in Sources */,
			);
			runOnlyForDeploymentPostprocessing = 0;
		};
/* End PBXSourcesBuildPhase section */

/* Begin PBXTargetDependency section */
		EDF24967223D7F8500FAD972 /* PBXTargetDependency */ = {
			isa = PBXTargetDependency;
			target = EDF24950223D7F8300FAD972 /* cruising-app */;
			targetProxy = EDF24966223D7F8500FAD972 /* PBXContainerItemProxy */;
		};
/* End PBXTargetDependency section */

/* Begin PBXVariantGroup section */
		4E8A9E49223DBE830005E099 /* LaunchScreen.storyboard */ = {
			isa = PBXVariantGroup;
			children = (
				4E8A9E4A223DBE830005E099 /* Base */,
			);
			name = LaunchScreen.storyboard;
			sourceTree = "<group>";
		};
		4E8A9E4B223DBE830005E099 /* Main.storyboard */ = {
			isa = PBXVariantGroup;
			children = (
				4E8A9E4C223DBE830005E099 /* Base */,
			);
			name = Main.storyboard;
			sourceTree = "<group>";
		};
/* End PBXVariantGroup section */

/* Begin XCBuildConfiguration section */
		EDF2496C223D7F8500FAD972 /* Debug */ = {
			isa = XCBuildConfiguration;
			buildSettings = {
				ALWAYS_SEARCH_USER_PATHS = NO;
				CLANG_ANALYZER_NONNULL = YES;
				CLANG_ANALYZER_NUMBER_OBJECT_CONVERSION = YES_AGGRESSIVE;
				CLANG_CXX_LANGUAGE_STANDARD = "gnu++14";
				CLANG_CXX_LIBRARY = "libc++";
				CLANG_ENABLE_MODULES = YES;
				CLANG_ENABLE_OBJC_ARC = YES;
				CLANG_ENABLE_OBJC_WEAK = YES;
				CLANG_WARN_BLOCK_CAPTURE_AUTORELEASING = YES;
				CLANG_WARN_BOOL_CONVERSION = YES;
				CLANG_WARN_COMMA = YES;
				CLANG_WARN_CONSTANT_CONVERSION = YES;
				CLANG_WARN_DEPRECATED_OBJC_IMPLEMENTATIONS = YES;
				CLANG_WARN_DIRECT_OBJC_ISA_USAGE = YES_ERROR;
				CLANG_WARN_DOCUMENTATION_COMMENTS = YES;
				CLANG_WARN_EMPTY_BODY = YES;
				CLANG_WARN_ENUM_CONVERSION = YES;
				CLANG_WARN_INFINITE_RECURSION = YES;
				CLANG_WARN_INT_CONVERSION = YES;
				CLANG_WARN_NON_LITERAL_NULL_CONVERSION = YES;
				CLANG_WARN_OBJC_IMPLICIT_RETAIN_SELF = YES;
				CLANG_WARN_OBJC_LITERAL_CONVERSION = YES;
				CLANG_WARN_OBJC_ROOT_CLASS = YES_ERROR;
				CLANG_WARN_RANGE_LOOP_ANALYSIS = YES;
				CLANG_WARN_STRICT_PROTOTYPES = YES;
				CLANG_WARN_SUSPICIOUS_MOVE = YES;
				CLANG_WARN_UNGUARDED_AVAILABILITY = YES_AGGRESSIVE;
				CLANG_WARN_UNREACHABLE_CODE = YES;
				CLANG_WARN__DUPLICATE_METHOD_MATCH = YES;
				CODE_SIGN_IDENTITY = "iPhone Developer";
				COPY_PHASE_STRIP = NO;
				DEBUG_INFORMATION_FORMAT = dwarf;
				ENABLE_STRICT_OBJC_MSGSEND = YES;
				ENABLE_TESTABILITY = YES;
				GCC_C_LANGUAGE_STANDARD = gnu11;
				GCC_DYNAMIC_NO_PIC = NO;
				GCC_NO_COMMON_BLOCKS = YES;
				GCC_OPTIMIZATION_LEVEL = 0;
				GCC_PREPROCESSOR_DEFINITIONS = (
					"DEBUG=1",
					"$(inherited)",
				);
				GCC_WARN_64_TO_32_BIT_CONVERSION = YES;
				GCC_WARN_ABOUT_RETURN_TYPE = YES_ERROR;
				GCC_WARN_UNDECLARED_SELECTOR = YES;
				GCC_WARN_UNINITIALIZED_AUTOS = YES_AGGRESSIVE;
				GCC_WARN_UNUSED_FUNCTION = YES;
				GCC_WARN_UNUSED_VARIABLE = YES;
				IPHONEOS_DEPLOYMENT_TARGET = 11.4;
				MTL_ENABLE_DEBUG_INFO = YES;
				ONLY_ACTIVE_ARCH = YES;
				SDKROOT = iphoneos;
				SWIFT_ACTIVE_COMPILATION_CONDITIONS = DEBUG;
				SWIFT_OPTIMIZATION_LEVEL = "-Onone";
			};
			name = Debug;
		};
		EDF2496D223D7F8500FAD972 /* Release */ = {
			isa = XCBuildConfiguration;
			buildSettings = {
				ALWAYS_SEARCH_USER_PATHS = NO;
				CLANG_ANALYZER_NONNULL = YES;
				CLANG_ANALYZER_NUMBER_OBJECT_CONVERSION = YES_AGGRESSIVE;
				CLANG_CXX_LANGUAGE_STANDARD = "gnu++14";
				CLANG_CXX_LIBRARY = "libc++";
				CLANG_ENABLE_MODULES = YES;
				CLANG_ENABLE_OBJC_ARC = YES;
				CLANG_ENABLE_OBJC_WEAK = YES;
				CLANG_WARN_BLOCK_CAPTURE_AUTORELEASING = YES;
				CLANG_WARN_BOOL_CONVERSION = YES;
				CLANG_WARN_COMMA = YES;
				CLANG_WARN_CONSTANT_CONVERSION = YES;
				CLANG_WARN_DEPRECATED_OBJC_IMPLEMENTATIONS = YES;
				CLANG_WARN_DIRECT_OBJC_ISA_USAGE = YES_ERROR;
				CLANG_WARN_DOCUMENTATION_COMMENTS = YES;
				CLANG_WARN_EMPTY_BODY = YES;
				CLANG_WARN_ENUM_CONVERSION = YES;
				CLANG_WARN_INFINITE_RECURSION = YES;
				CLANG_WARN_INT_CONVERSION = YES;
				CLANG_WARN_NON_LITERAL_NULL_CONVERSION = YES;
				CLANG_WARN_OBJC_IMPLICIT_RETAIN_SELF = YES;
				CLANG_WARN_OBJC_LITERAL_CONVERSION = YES;
				CLANG_WARN_OBJC_ROOT_CLASS = YES_ERROR;
				CLANG_WARN_RANGE_LOOP_ANALYSIS = YES;
				CLANG_WARN_STRICT_PROTOTYPES = YES;
				CLANG_WARN_SUSPICIOUS_MOVE = YES;
				CLANG_WARN_UNGUARDED_AVAILABILITY = YES_AGGRESSIVE;
				CLANG_WARN_UNREACHABLE_CODE = YES;
				CLANG_WARN__DUPLICATE_METHOD_MATCH = YES;
				CODE_SIGN_IDENTITY = "iPhone Developer";
				COPY_PHASE_STRIP = NO;
				DEBUG_INFORMATION_FORMAT = "dwarf-with-dsym";
				ENABLE_NS_ASSERTIONS = NO;
				ENABLE_STRICT_OBJC_MSGSEND = YES;
				GCC_C_LANGUAGE_STANDARD = gnu11;
				GCC_NO_COMMON_BLOCKS = YES;
				GCC_WARN_64_TO_32_BIT_CONVERSION = YES;
				GCC_WARN_ABOUT_RETURN_TYPE = YES_ERROR;
				GCC_WARN_UNDECLARED_SELECTOR = YES;
				GCC_WARN_UNINITIALIZED_AUTOS = YES_AGGRESSIVE;
				GCC_WARN_UNUSED_FUNCTION = YES;
				GCC_WARN_UNUSED_VARIABLE = YES;
				IPHONEOS_DEPLOYMENT_TARGET = 11.4;
				MTL_ENABLE_DEBUG_INFO = NO;
				SDKROOT = iphoneos;
				SWIFT_COMPILATION_MODE = wholemodule;
				SWIFT_OPTIMIZATION_LEVEL = "-O";
				VALIDATE_PRODUCT = YES;
			};
			name = Release;
		};
		EDF2496F223D7F8500FAD972 /* Debug */ = {
			isa = XCBuildConfiguration;
			baseConfigurationReference = 58D41425218194C8900A3CC0 /* Pods-cruising-app.debug.xcconfig */;
			buildSettings = {
				ASSETCATALOG_COMPILER_APPICON_NAME = AppIcon;
				CODE_SIGN_STYLE = Automatic;
				DEVELOPMENT_TEAM = L9J639CDF6;
				INFOPLIST_FILE = "cruising-app/Info.plist";
				LD_RUNPATH_SEARCH_PATHS = (
					"$(inherited)",
					"@executable_path/Frameworks",
				);
				PRODUCT_BUNDLE_IDENTIFIER = "hackpsu.cruising-app";
				PRODUCT_NAME = "$(TARGET_NAME)";
				SWIFT_VERSION = 4.0;
				TARGETED_DEVICE_FAMILY = "1,2";
			};
			name = Debug;
		};
		EDF24970223D7F8500FAD972 /* Release */ = {
			isa = XCBuildConfiguration;
			baseConfigurationReference = 7CE66289AF0C7CF6D8F93254 /* Pods-cruising-app.release.xcconfig */;
			buildSettings = {
				ASSETCATALOG_COMPILER_APPICON_NAME = AppIcon;
				CODE_SIGN_STYLE = Automatic;
				DEVELOPMENT_TEAM = L9J639CDF6;
				INFOPLIST_FILE = "cruising-app/Info.plist";
				LD_RUNPATH_SEARCH_PATHS = (
					"$(inherited)",
					"@executable_path/Frameworks",
				);
				PRODUCT_BUNDLE_IDENTIFIER = "hackpsu.cruising-app";
				PRODUCT_NAME = "$(TARGET_NAME)";
				SWIFT_VERSION = 4.0;
				TARGETED_DEVICE_FAMILY = "1,2";
			};
			name = Release;
		};
		EDF24972223D7F8500FAD972 /* Debug */ = {
			isa = XCBuildConfiguration;
			baseConfigurationReference = B824F5B7E9C6E3492444EC48 /* Pods-cruising-appTests.debug.xcconfig */;
			buildSettings = {
				ALWAYS_EMBED_SWIFT_STANDARD_LIBRARIES = YES;
				BUNDLE_LOADER = "$(TEST_HOST)";
				CODE_SIGN_STYLE = Automatic;
				INFOPLIST_FILE = "cruising-appTests/Info.plist";
				LD_RUNPATH_SEARCH_PATHS = (
					"$(inherited)",
					"@executable_path/Frameworks",
					"@loader_path/Frameworks",
				);
				PRODUCT_BUNDLE_IDENTIFIER = "hackpsu.cruising-appTests";
				PRODUCT_NAME = "$(TARGET_NAME)";
				SWIFT_VERSION = 4.0;
				TARGETED_DEVICE_FAMILY = "1,2";
				TEST_HOST = "$(BUILT_PRODUCTS_DIR)/cruising-app.app/cruising-app";
			};
			name = Debug;
		};
		EDF24973223D7F8500FAD972 /* Release */ = {
			isa = XCBuildConfiguration;
			baseConfigurationReference = B5A193BB1367ACCF29A0C6A2 /* Pods-cruising-appTests.release.xcconfig */;
			buildSettings = {
				ALWAYS_EMBED_SWIFT_STANDARD_LIBRARIES = YES;
				BUNDLE_LOADER = "$(TEST_HOST)";
				CODE_SIGN_STYLE = Automatic;
				INFOPLIST_FILE = "cruising-appTests/Info.plist";
				LD_RUNPATH_SEARCH_PATHS = (
					"$(inherited)",
					"@executable_path/Frameworks",
					"@loader_path/Frameworks",
				);
				PRODUCT_BUNDLE_IDENTIFIER = "hackpsu.cruising-appTests";
				PRODUCT_NAME = "$(TARGET_NAME)";
				SWIFT_VERSION = 4.0;
				TARGETED_DEVICE_FAMILY = "1,2";
				TEST_HOST = "$(BUILT_PRODUCTS_DIR)/cruising-app.app/cruising-app";
			};
			name = Release;
		};
/* End XCBuildConfiguration section */

/* Begin XCConfigurationList section */
		EDF2494C223D7F8300FAD972 /* Build configuration list for PBXProject "cruising-app" */ = {
			isa = XCConfigurationList;
			buildConfigurations = (
				EDF2496C223D7F8500FAD972 /* Debug */,
				EDF2496D223D7F8500FAD972 /* Release */,
			);
			defaultConfigurationIsVisible = 0;
			defaultConfigurationName = Release;
		};
		EDF2496E223D7F8500FAD972 /* Build configuration list for PBXNativeTarget "cruising-app" */ = {
			isa = XCConfigurationList;
			buildConfigurations = (
				EDF2496F223D7F8500FAD972 /* Debug */,
				EDF24970223D7F8500FAD972 /* Release */,
			);
			defaultConfigurationIsVisible = 0;
			defaultConfigurationName = Release;
		};
		EDF24971223D7F8500FAD972 /* Build configuration list for PBXNativeTarget "cruising-appTests" */ = {
			isa = XCConfigurationList;
			buildConfigurations = (
				EDF24972223D7F8500FAD972 /* Debug */,
				EDF24973223D7F8500FAD972 /* Release */,
			);
			defaultConfigurationIsVisible = 0;
			defaultConfigurationName = Release;
		};
/* End XCConfigurationList section */
	};
	rootObject = EDF24949223D7F8300FAD972 /* Project object */;
}
